{
  "version": 4,
  "terraform_version": "1.2.1",
  "serial": 209,
  "lineage": "76211843-39a8-f35d-6182-2f3279046c77",
  "outputs": {},
  "resources": [
    {
      "mode": "managed",
      "type": "aws_ec2_transit_gateway",
      "name": "tgw",
      "provider": "provider[\"registry.terraform.io/hashicorp/aws\"]",
      "instances": [
        {
          "schema_version": 0,
          "attributes": {
            "amazon_side_asn": 64512,
            "arn": "arn:aws:ec2:us-east-1:201385125754:transit-gateway/tgw-06475642aee3bac4c",
            "association_default_route_table_id": "",
            "auto_accept_shared_attachments": "disable",
            "default_route_table_association": "disable",
            "default_route_table_propagation": "enable",
            "description": "",
            "dns_support": "enable",
            "id": "tgw-06475642aee3bac4c",
            "multicast_support": "disable",
            "owner_id": "201385125754",
            "propagation_default_route_table_id": "tgw-rtb-0b62b98ab71df317b",
            "tags": {
              "Name": "tgw_top3"
            },
            "tags_all": {
              "Name": "tgw_top3"
            },
            "timeouts": null,
            "transit_gateway_cidr_blocks": [],
            "vpn_ecmp_support": "enable"
          },
          "sensitive_attributes": [],
          "private": "eyJlMmJmYjczMC1lY2FhLTExZTYtOGY4OC0zNDM2M2JjN2M0YzAiOnsiY3JlYXRlIjo2MDAwMDAwMDAwMDAsImRlbGV0ZSI6NjAwMDAwMDAwMDAwLCJ1cGRhdGUiOjYwMDAwMDAwMDAwMH19"
        }
      ]
    },
    {
      "mode": "managed",
      "type": "aws_ec2_transit_gateway_route_table",
      "name": "tgw_rtb1",
      "provider": "provider[\"registry.terraform.io/hashicorp/aws\"]",
      "instances": [
        {
          "schema_version": 0,
          "attributes": {
            "arn": "arn:aws:ec2:us-east-1:201385125754:transit-gateway-route-table/tgw-rtb-0741e3c8fc045510b",
            "default_association_route_table": false,
            "default_propagation_route_table": false,
            "id": "tgw-rtb-0741e3c8fc045510b",
            "tags": {
              "Name": "tgw_rtb1"
            },
            "tags_all": {
              "Name": "tgw_rtb1"
            },
            "transit_gateway_id": "tgw-06475642aee3bac4c"
          },
          "sensitive_attributes": [],
          "private": "bnVsbA==",
          "dependencies": [
            "aws_ec2_transit_gateway.tgw"
          ]
        }
      ]
    },
    {
      "mode": "managed",
      "type": "aws_ec2_transit_gateway_route_table",
      "name": "tgw_rtb2",
      "provider": "provider[\"registry.terraform.io/hashicorp/aws\"]",
      "instances": [
        {
          "schema_version": 0,
          "attributes": {
            "arn": "arn:aws:ec2:us-east-1:201385125754:transit-gateway-route-table/tgw-rtb-06a04f9ae5b3144eb",
            "default_association_route_table": false,
            "default_propagation_route_table": false,
            "id": "tgw-rtb-06a04f9ae5b3144eb",
            "tags": {
              "Name": "tgw_rtb2"
            },
            "tags_all": {
              "Name": "tgw_rtb2"
            },
            "transit_gateway_id": "tgw-06475642aee3bac4c"
          },
          "sensitive_attributes": [],
          "private": "bnVsbA==",
          "dependencies": [
            "aws_ec2_transit_gateway.tgw"
          ]
        }
      ]
    },
    {
      "mode": "managed",
      "type": "aws_ec2_transit_gateway_route_table_association",
      "name": "tgwrtb-tgwatch1",
      "provider": "provider[\"registry.terraform.io/hashicorp/aws\"]",
      "instances": [
        {
          "schema_version": 0,
          "attributes": {
            "id": "tgw-rtb-0741e3c8fc045510b_tgw-attach-053e11c244bde78f0",
            "resource_id": "vpc-025512f93467801fd",
            "resource_type": "vpc",
            "transit_gateway_attachment_id": "tgw-attach-053e11c244bde78f0",
            "transit_gateway_route_table_id": "tgw-rtb-0741e3c8fc045510b"
          },
          "sensitive_attributes": [],
          "private": "bnVsbA==",
          "dependencies": [
            "aws_ec2_transit_gateway.tgw",
            "aws_ec2_transit_gateway_route_table.tgw_rtb1",
            "aws_ec2_transit_gateway_vpc_attachment.tgw_attachment1",
            "aws_subnet.subnetsforvpc1",
            "aws_vpc.vpcs"
          ]
        }
      ]
    },
    {
      "mode": "managed",
      "type": "aws_ec2_transit_gateway_route_table_association",
      "name": "tgwrtb-tgwatch2",
      "provider": "provider[\"registry.terraform.io/hashicorp/aws\"]",
      "instances": [
        {
          "schema_version": 0,
          "attributes": {
            "id": "tgw-rtb-06a04f9ae5b3144eb_tgw-attach-0f52a9e8f7b731709",
            "resource_id": "vpc-01fb7220e1e9eb5aa",
            "resource_type": "vpc",
            "transit_gateway_attachment_id": "tgw-attach-0f52a9e8f7b731709",
            "transit_gateway_route_table_id": "tgw-rtb-06a04f9ae5b3144eb"
          },
          "sensitive_attributes": [],
          "private": "bnVsbA==",
          "dependencies": [
            "aws_ec2_transit_gateway.tgw",
            "aws_ec2_transit_gateway_route_table.tgw_rtb2",
            "aws_ec2_transit_gateway_vpc_attachment.tgw_attachment2",
            "aws_subnet.subnetsforvpc2",
            "aws_vpc.vpcs"
          ]
        }
      ]
    },
    {
      "mode": "managed",
      "type": "aws_ec2_transit_gateway_route_table_propagation",
      "name": "rtbprop1",
      "provider": "provider[\"registry.terraform.io/hashicorp/aws\"]",
      "instances": [
        {
          "schema_version": 0,
          "attributes": {
            "id": "tgw-rtb-0741e3c8fc045510b_tgw-attach-0f52a9e8f7b731709",
            "resource_id": "vpc-01fb7220e1e9eb5aa",
            "resource_type": "vpc",
            "transit_gateway_attachment_id": "tgw-attach-0f52a9e8f7b731709",
            "transit_gateway_route_table_id": "tgw-rtb-0741e3c8fc045510b"
          },
          "sensitive_attributes": [],
          "private": "bnVsbA==",
          "dependencies": [
            "aws_ec2_transit_gateway.tgw",
            "aws_ec2_transit_gateway_route_table.tgw_rtb1",
            "aws_ec2_transit_gateway_vpc_attachment.tgw_attachment2",
            "aws_subnet.subnetsforvpc2",
            "aws_vpc.vpcs"
          ]
        }
      ]
    },
    {
      "mode": "managed",
      "type": "aws_ec2_transit_gateway_route_table_propagation",
      "name": "rtbprop2",
      "provider": "provider[\"registry.terraform.io/hashicorp/aws\"]",
      "instances": [
        {
          "schema_version": 0,
          "attributes": {
            "id": "tgw-rtb-06a04f9ae5b3144eb_tgw-attach-053e11c244bde78f0",
            "resource_id": "vpc-025512f93467801fd",
            "resource_type": "vpc",
            "transit_gateway_attachment_id": "tgw-attach-053e11c244bde78f0",
            "transit_gateway_route_table_id": "tgw-rtb-06a04f9ae5b3144eb"
          },
          "sensitive_attributes": [],
          "private": "bnVsbA==",
          "dependencies": [
            "aws_ec2_transit_gateway.tgw",
            "aws_ec2_transit_gateway_route_table.tgw_rtb2",
            "aws_ec2_transit_gateway_vpc_attachment.tgw_attachment1",
            "aws_subnet.subnetsforvpc1",
            "aws_vpc.vpcs"
          ]
        }
      ]
    },
    {
      "mode": "managed",
      "type": "aws_ec2_transit_gateway_vpc_attachment",
      "name": "tgw_attachment1",
      "provider": "provider[\"registry.terraform.io/hashicorp/aws\"]",
      "instances": [
        {
          "schema_version": 0,
          "attributes": {
            "appliance_mode_support": "disable",
            "dns_support": "enable",
            "id": "tgw-attach-053e11c244bde78f0",
            "ipv6_support": "disable",
            "subnet_ids": [
              "subnet-028ba2cc9d5d800e5"
            ],
            "tags": {
              "Name": "tgw_atch_vpc1"
            },
            "tags_all": {
              "Name": "tgw_atch_vpc1"
            },
            "transit_gateway_default_route_table_association": false,
            "transit_gateway_default_route_table_propagation": false,
            "transit_gateway_id": "tgw-06475642aee3bac4c",
            "vpc_id": "vpc-025512f93467801fd",
            "vpc_owner_id": "201385125754"
          },
          "sensitive_attributes": [],
          "private": "bnVsbA==",
          "dependencies": [
            "aws_ec2_transit_gateway.tgw",
            "aws_subnet.subnetsforvpc1",
            "aws_vpc.vpcs"
          ]
        }
      ]
    },
    {
      "mode": "managed",
      "type": "aws_ec2_transit_gateway_vpc_attachment",
      "name": "tgw_attachment2",
      "provider": "provider[\"registry.terraform.io/hashicorp/aws\"]",
      "instances": [
        {
          "schema_version": 0,
          "attributes": {
            "appliance_mode_support": "disable",
            "dns_support": "enable",
            "id": "tgw-attach-0f52a9e8f7b731709",
            "ipv6_support": "disable",
            "subnet_ids": [
              "subnet-0bf7c413f7990cc0d"
            ],
            "tags": {
              "Name": "tgw_atch_vpc2"
            },
            "tags_all": {
              "Name": "tgw_atch_vpc2"
            },
            "transit_gateway_default_route_table_association": false,
            "transit_gateway_default_route_table_propagation": false,
            "transit_gateway_id": "tgw-06475642aee3bac4c",
            "vpc_id": "vpc-01fb7220e1e9eb5aa",
            "vpc_owner_id": "201385125754"
          },
          "sensitive_attributes": [],
          "private": "bnVsbA==",
          "dependencies": [
            "aws_ec2_transit_gateway.tgw",
            "aws_subnet.subnetsforvpc2",
            "aws_vpc.vpcs"
          ]
        }
      ]
    },
    {
      "mode": "managed",
      "type": "aws_route_table",
      "name": "vpcrtb1",
      "provider": "provider[\"registry.terraform.io/hashicorp/aws\"]",
      "instances": [
        {
          "schema_version": 0,
          "attributes": {
            "arn": "arn:aws:ec2:us-east-1:201385125754:route-table/rtb-0977106706690159c",
            "id": "rtb-0977106706690159c",
            "owner_id": "201385125754",
            "propagating_vgws": [],
            "route": [
              {
                "carrier_gateway_id": "",
                "cidr_block": "10.193.221.0/24",
                "core_network_arn": "",
                "destination_prefix_list_id": "",
                "egress_only_gateway_id": "",
                "gateway_id": "tgw-06475642aee3bac4c",
                "instance_id": "",
                "ipv6_cidr_block": "",
                "local_gateway_id": "",
                "nat_gateway_id": "",
                "network_interface_id": "",
                "transit_gateway_id": "",
                "vpc_endpoint_id": "",
                "vpc_peering_connection_id": ""
              }
            ],
            "tags": {
              "Name": "rtb_vpc1"
            },
            "tags_all": {
              "Name": "rtb_vpc1"
            },
            "timeouts": null,
            "vpc_id": "vpc-025512f93467801fd"
          },
          "sensitive_attributes": [],
          "private": "eyJlMmJmYjczMC1lY2FhLTExZTYtOGY4OC0zNDM2M2JjN2M0YzAiOnsiY3JlYXRlIjozMDAwMDAwMDAwMDAsImRlbGV0ZSI6MzAwMDAwMDAwMDAwLCJ1cGRhdGUiOjEyMDAwMDAwMDAwMH19",
          "dependencies": [
            "aws_ec2_transit_gateway.tgw",
            "aws_vpc.vpcs"
          ]
        }
      ]
    },
    {
      "mode": "managed",
      "type": "aws_route_table",
      "name": "vpcrtb2",
      "provider": "provider[\"registry.terraform.io/hashicorp/aws\"]",
      "instances": [
        {
          "schema_version": 0,
          "attributes": {
            "arn": "arn:aws:ec2:us-east-1:201385125754:route-table/rtb-0674a3a02ba60b073",
            "id": "rtb-0674a3a02ba60b073",
            "owner_id": "201385125754",
            "propagating_vgws": [],
            "route": [
              {
                "carrier_gateway_id": "",
                "cidr_block": "10.193.220.0/24",
                "core_network_arn": "",
                "destination_prefix_list_id": "",
                "egress_only_gateway_id": "",
                "gateway_id": "tgw-06475642aee3bac4c",
                "instance_id": "",
                "ipv6_cidr_block": "",
                "local_gateway_id": "",
                "nat_gateway_id": "",
                "network_interface_id": "",
                "transit_gateway_id": "",
                "vpc_endpoint_id": "",
                "vpc_peering_connection_id": ""
              }
            ],
            "tags": {
              "Name": "rtb_vpc2"
            },
            "tags_all": {
              "Name": "rtb_vpc2"
            },
            "timeouts": null,
            "vpc_id": "vpc-01fb7220e1e9eb5aa"
          },
          "sensitive_attributes": [],
          "private": "eyJlMmJmYjczMC1lY2FhLTExZTYtOGY4OC0zNDM2M2JjN2M0YzAiOnsiY3JlYXRlIjozMDAwMDAwMDAwMDAsImRlbGV0ZSI6MzAwMDAwMDAwMDAwLCJ1cGRhdGUiOjEyMDAwMDAwMDAwMH19",
          "dependencies": [
            "aws_ec2_transit_gateway.tgw",
            "aws_vpc.vpcs"
          ]
        }
      ]
    },
    {
      "mode": "managed",
      "type": "aws_route_table_association",
      "name": "a",
      "provider": "provider[\"registry.terraform.io/hashicorp/aws\"]",
      "instances": [
        {
          "schema_version": 0,
          "attributes": {
            "gateway_id": "",
            "id": "rtbassoc-0b7cab61f85db3d98",
            "route_table_id": "rtb-0977106706690159c",
            "subnet_id": "subnet-028ba2cc9d5d800e5"
          },
          "sensitive_attributes": [],
          "private": "bnVsbA==",
          "dependencies": [
            "aws_ec2_transit_gateway.tgw",
            "aws_route_table.vpcrtb1",
            "aws_subnet.subnetsforvpc1",
            "aws_vpc.vpcs"
          ]
        }
      ]
    },
    {
      "mode": "managed",
      "type": "aws_route_table_association",
      "name": "b",
      "provider": "provider[\"registry.terraform.io/hashicorp/aws\"]",
      "instances": [
        {
          "schema_version": 0,
          "attributes": {
            "gateway_id": "",
            "id": "rtbassoc-078fa3ef5f81b3d75",
            "route_table_id": "rtb-0674a3a02ba60b073",
            "subnet_id": "subnet-0bf7c413f7990cc0d"
          },
          "sensitive_attributes": [],
          "private": "bnVsbA==",
          "dependencies": [
            "aws_ec2_transit_gateway.tgw",
            "aws_route_table.vpcrtb2",
            "aws_subnet.subnetsforvpc2",
            "aws_vpc.vpcs"
          ]
        }
      ]
    },
    {
      "mode": "managed",
      "type": "aws_subnet",
      "name": "subnetsforvpc1",
      "provider": "provider[\"registry.terraform.io/hashicorp/aws\"]",
      "instances": [
        {
          "index_key": "1",
          "schema_version": 1,
          "attributes": {
            "arn": "arn:aws:ec2:us-east-1:201385125754:subnet/subnet-028ba2cc9d5d800e5",
            "assign_ipv6_address_on_creation": false,
            "availability_zone": "us-east-1c",
            "availability_zone_id": "use1-az6",
            "cidr_block": "10.193.220.0/28",
            "customer_owned_ipv4_pool": "",
            "enable_dns64": false,
            "enable_resource_name_dns_a_record_on_launch": false,
            "enable_resource_name_dns_aaaa_record_on_launch": false,
            "id": "subnet-028ba2cc9d5d800e5",
            "ipv6_cidr_block": "",
            "ipv6_cidr_block_association_id": "",
            "ipv6_native": false,
            "map_customer_owned_ip_on_launch": false,
            "map_public_ip_on_launch": false,
            "outpost_arn": "",
            "owner_id": "201385125754",
            "private_dns_hostname_type_on_launch": "ip-name",
            "tags": {
              "Name": "1sub 1"
            },
            "tags_all": {
              "Name": "1sub 1"
            },
            "timeouts": null,
            "vpc_id": "vpc-025512f93467801fd"
          },
          "sensitive_attributes": [],
          "private": "eyJlMmJmYjczMC1lY2FhLTExZTYtOGY4OC0zNDM2M2JjN2M0YzAiOnsiY3JlYXRlIjo2MDAwMDAwMDAwMDAsImRlbGV0ZSI6MTIwMDAwMDAwMDAwMH0sInNjaGVtYV92ZXJzaW9uIjoiMSJ9",
          "dependencies": [
            "aws_vpc.vpcs"
          ]
        }
      ]
    },
    {
      "mode": "managed",
      "type": "aws_subnet",
      "name": "subnetsforvpc2",
      "provider": "provider[\"registry.terraform.io/hashicorp/aws\"]",
      "instances": [
        {
          "index_key": "1",
          "schema_version": 1,
          "attributes": {
            "arn": "arn:aws:ec2:us-east-1:201385125754:subnet/subnet-0bf7c413f7990cc0d",
            "assign_ipv6_address_on_creation": false,
            "availability_zone": "us-east-1c",
            "availability_zone_id": "use1-az6",
            "cidr_block": "10.193.221.0/28",
            "customer_owned_ipv4_pool": "",
            "enable_dns64": false,
            "enable_resource_name_dns_a_record_on_launch": false,
            "enable_resource_name_dns_aaaa_record_on_launch": false,
            "id": "subnet-0bf7c413f7990cc0d",
            "ipv6_cidr_block": "",
            "ipv6_cidr_block_association_id": "",
            "ipv6_native": false,
            "map_customer_owned_ip_on_launch": false,
            "map_public_ip_on_launch": false,
            "outpost_arn": "",
            "owner_id": "201385125754",
            "private_dns_hostname_type_on_launch": "ip-name",
            "tags": {
              "Name": "2sub 1"
            },
            "tags_all": {
              "Name": "2sub 1"
            },
            "timeouts": null,
            "vpc_id": "vpc-01fb7220e1e9eb5aa"
          },
          "sensitive_attributes": [],
          "private": "eyJlMmJmYjczMC1lY2FhLTExZTYtOGY4OC0zNDM2M2JjN2M0YzAiOnsiY3JlYXRlIjo2MDAwMDAwMDAwMDAsImRlbGV0ZSI6MTIwMDAwMDAwMDAwMH0sInNjaGVtYV92ZXJzaW9uIjoiMSJ9",
          "dependencies": [
            "aws_vpc.vpcs"
          ]
        }
      ]
    },
    {
      "mode": "managed",
      "type": "aws_vpc",
      "name": "vpcs",
      "provider": "provider[\"registry.terraform.io/hashicorp/aws\"]",
      "instances": [
        {
          "index_key": "1",
          "schema_version": 1,
          "attributes": {
            "arn": "arn:aws:ec2:us-east-1:201385125754:vpc/vpc-025512f93467801fd",
            "assign_generated_ipv6_cidr_block": false,
            "cidr_block": "10.193.220.0/24",
            "default_network_acl_id": "acl-02a7d99297b85869f",
            "default_route_table_id": "rtb-088ebc51f9ba11596",
            "default_security_group_id": "sg-05a5dda9c7162c694",
            "dhcp_options_id": "dopt-00bf690553d1b7588",
            "enable_classiclink": false,
            "enable_classiclink_dns_support": false,
            "enable_dns_hostnames": false,
            "enable_dns_support": true,
            "id": "vpc-025512f93467801fd",
            "instance_tenancy": "default",
            "ipv4_ipam_pool_id": null,
            "ipv4_netmask_length": null,
            "ipv6_association_id": "",
            "ipv6_cidr_block": "",
            "ipv6_cidr_block_network_border_group": "",
            "ipv6_ipam_pool_id": "",
            "ipv6_netmask_length": 0,
            "main_route_table_id": "rtb-088ebc51f9ba11596",
            "owner_id": "201385125754",
            "tags": {
              "Name": "use1-prod-vpc 1"
            },
            "tags_all": {
              "Name": "use1-prod-vpc 1"
            }
          },
          "sensitive_attributes": [],
          "private": "eyJzY2hlbWFfdmVyc2lvbiI6IjEifQ=="
        },
        {
          "index_key": "2",
          "schema_version": 1,
          "attributes": {
            "arn": "arn:aws:ec2:us-east-1:201385125754:vpc/vpc-01fb7220e1e9eb5aa",
            "assign_generated_ipv6_cidr_block": false,
            "cidr_block": "10.193.221.0/24",
            "default_network_acl_id": "acl-0e33edf16182e86c2",
            "default_route_table_id": "rtb-0895bc2e9d61f16ed",
            "default_security_group_id": "sg-0c30afabb5b1bd41d",
            "dhcp_options_id": "dopt-00bf690553d1b7588",
            "enable_classiclink": false,
            "enable_classiclink_dns_support": false,
            "enable_dns_hostnames": false,
            "enable_dns_support": true,
            "id": "vpc-01fb7220e1e9eb5aa",
            "instance_tenancy": "default",
            "ipv4_ipam_pool_id": null,
            "ipv4_netmask_length": null,
            "ipv6_association_id": "",
            "ipv6_cidr_block": "",
            "ipv6_cidr_block_network_border_group": "",
            "ipv6_ipam_pool_id": "",
            "ipv6_netmask_length": 0,
            "main_route_table_id": "rtb-0895bc2e9d61f16ed",
            "owner_id": "201385125754",
            "tags": {
              "Name": "use1-prod-vpc 2"
            },
            "tags_all": {
              "Name": "use1-prod-vpc 2"
            }
          },
          "sensitive_attributes": [],
          "private": "eyJzY2hlbWFfdmVyc2lvbiI6IjEifQ=="
        }
      ]
    }
  ]
}
